
Microsoft Visual Studio Solution File, Format Version 12.00
# Visual Studio Version 17
VisualStudioVersion = 17.0.32126.317
MinimumVisualStudioVersion = 10.0.40219.1
Project("{FAE04EC0-301F-11D3-BF4B-00C04F79EFBC}") = "dotnetCoreConsole", "dotnetCoreConsole\dotnetCoreConsole.csproj", "{35C969D4-84E7-4328-B5EB-C8AD62088B78}"
EndProject
Global
	GlobalSection(SolutionConfigurationPlatforms) = preSolution
		Debug|Any CPU = Debug|Any CPU
		Release|Any CPU = Release|Any CPU
	EndGlobalSection
	GlobalSection(ProjectConfigurationPlatforms) = postSolution
		{35C969D4-84E7-4328-B5EB-C8AD62088B78}.Debug|Any CPU.ActiveCfg = Debug|Any CPU
		{35C969D4-84E7-4328-B5EB-C8AD62088B78}.Debug|Any CPU.Build.0 = Debug|Any CPU
		{35C969D4-84E7-4328-B5EB-C8AD62088B78}.Release|Any CPU.ActiveCfg = Release|Any CPU
		{35C969D4-84E7-4328-B5EB-C8AD62088B78}.Release|Any CPU.Build.0 = Release|Any CPU
	EndGlobalSection
	GlobalSection(SolutionProperties) = preSolution
		HideSolutionNode = FALSE
	EndGlobalSection
	GlobalSection(ExtensibilityGlobals) = postSolution
		SolutionGuid = {74EF9281-47C4-4B46-8DC3-FEBFC3C94A90}
	EndGlobalSection
EndGlobal
